
Microsoft Visual Studio Solution File, Format Version 11.00
# Visual Studio 2010
Project("{FAE04EC0-301F-11D3-BF4B-00C04F79EFBC}") = "Risseproto", "Risseproto\Risseproto\Risseproto.csproj", "{033B648A-81F5-4DD2-B3DF-EDCED971FD1A}"
EndProject
Project("{96E2B04D-8817-42C6-938A-82C39BA4D311}") = "RisseprotoContent", "Risseproto\RisseprotoContent\RisseprotoContent.contentproj", "{F2A490A8-FF4C-41CC-B495-577B7A1672B9}"
EndProject
Global
	GlobalSection(SolutionConfigurationPlatforms) = preSolution
		Debug|x86 = Debug|x86
		Release|x86 = Release|x86
	EndGlobalSection
	GlobalSection(ProjectConfigurationPlatforms) = postSolution
		{033B648A-81F5-4DD2-B3DF-EDCED971FD1A}.Debug|x86.ActiveCfg = Debug|x86
		{033B648A-81F5-4DD2-B3DF-EDCED971FD1A}.Debug|x86.Build.0 = Debug|x86
		{033B648A-81F5-4DD2-B3DF-EDCED971FD1A}.Release|x86.ActiveCfg = Release|x86
		{033B648A-81F5-4DD2-B3DF-EDCED971FD1A}.Release|x86.Build.0 = Release|x86
		{F2A490A8-FF4C-41CC-B495-577B7A1672B9}.Debug|x86.ActiveCfg = Debug|x86
		{F2A490A8-FF4C-41CC-B495-577B7A1672B9}.Release|x86.ActiveCfg = Release|x86
	EndGlobalSection
	GlobalSection(SolutionProperties) = preSolution
		HideSolutionNode = FALSE
	EndGlobalSection
EndGlobal
